
Microsoft Visual Studio Solution File, Format Version 12.00
# Visual Studio Version 17
VisualStudioVersion = 17.12.35506.116
MinimumVisualStudioVersion = 10.0.40219.1
Project("{FAE04EC0-301F-11D3-BF4B-00C04F79EFBC}") = "BST", "BST\BST.csproj", "{793E6BA7-664E-4B61-A422-5F3908C84384}"
EndProject
Project("{FAE04EC0-301F-11D3-BF4B-00C04F79EFBC}") = "Trie", "Trie\Trie.csproj", "{FAD01D82-32AF-4245-AA29-B6B13DCBD1E4}"
EndProject
Global
	GlobalSection(SolutionConfigurationPlatforms) = preSolution
		Debug|Any CPU = Debug|Any CPU
		Release|Any CPU = Release|Any CPU
	EndGlobalSection
	GlobalSection(ProjectConfigurationPlatforms) = postSolution
		{793E6BA7-664E-4B61-A422-5F3908C84384}.Debug|Any CPU.ActiveCfg = Debug|Any CPU
		{793E6BA7-664E-4B61-A422-5F3908C84384}.Debug|Any CPU.Build.0 = Debug|Any CPU
		{793E6BA7-664E-4B61-A422-5F3908C84384}.Release|Any CPU.ActiveCfg = Release|Any CPU
		{793E6BA7-664E-4B61-A422-5F3908C84384}.Release|Any CPU.Build.0 = Release|Any CPU
		{FAD01D82-32AF-4245-AA29-B6B13DCBD1E4}.Debug|Any CPU.ActiveCfg = Debug|Any CPU
		{FAD01D82-32AF-4245-AA29-B6B13DCBD1E4}.Debug|Any CPU.Build.0 = Debug|Any CPU
		{FAD01D82-32AF-4245-AA29-B6B13DCBD1E4}.Release|Any CPU.ActiveCfg = Release|Any CPU
		{FAD01D82-32AF-4245-AA29-B6B13DCBD1E4}.Release|Any CPU.Build.0 = Release|Any CPU
	EndGlobalSection
	GlobalSection(SolutionProperties) = preSolution
		HideSolutionNode = FALSE
	EndGlobalSection
EndGlobal
